
Microsoft Visual Studio Solution File, Format Version 12.00
# Visual Studio Version 17
VisualStudioVersion = 17.13.35806.99 d17.13
MinimumVisualStudioVersion = 10.0.40219.1
Project("{FAE04EC0-301F-11D3-BF4B-00C04F79EFBC}") = "Job_Portal", "Job_Portal\Job_Portal.csproj", "{80058D7C-9990-4345-81D1-4D3A97A7F0B0}"
EndProject
Global
	GlobalSection(SolutionConfigurationPlatforms) = preSolution
		Debug|Any CPU = Debug|Any CPU
		Release|Any CPU = Release|Any CPU
	EndGlobalSection
	GlobalSection(ProjectConfigurationPlatforms) = postSolution
		{80058D7C-9990-4345-81D1-4D3A97A7F0B0}.Debug|Any CPU.ActiveCfg = Debug|Any CPU
		{80058D7C-9990-4345-81D1-4D3A97A7F0B0}.Debug|Any CPU.Build.0 = Debug|Any CPU
		{80058D7C-9990-4345-81D1-4D3A97A7F0B0}.Release|Any CPU.ActiveCfg = Release|Any CPU
		{80058D7C-9990-4345-81D1-4D3A97A7F0B0}.Release|Any CPU.Build.0 = Release|Any CPU
	EndGlobalSection
	GlobalSection(SolutionProperties) = preSolution
		HideSolutionNode = FALSE
	EndGlobalSection
	GlobalSection(ExtensibilityGlobals) = postSolution
		SolutionGuid = {EB1753CA-E95E-406D-8439-EB90285E1349}
	EndGlobalSection
EndGlobal
